
Microsoft Visual Studio Solution File, Format Version 12.00
# Visual Studio Version 16
VisualStudioVersion = 16.0.29519.181
MinimumVisualStudioVersion = 10.0.40219.1
Project("{FAE04EC0-301F-11D3-BF4B-00C04F79EFBC}") = "PrefixPocketCalculator", "PrefixPocketCalculator.csproj", "{6880D1FC-EFD3-407C-952B-B4649743CC39}"
EndProject
Project("{FAE04EC0-301F-11D3-BF4B-00C04F79EFBC}") = "PrefixPocketCalculator.tests", "..\PrefixPocketCalculator.tests\PrefixPocketCalculator.tests.csproj", "{C7D7775E-6374-4316-809C-8846B6F8EC42}"
EndProject
Global
	GlobalSection(SolutionConfigurationPlatforms) = preSolution
		Debug|Any CPU = Debug|Any CPU
		Release|Any CPU = Release|Any CPU
	EndGlobalSection
	GlobalSection(ProjectConfigurationPlatforms) = postSolution
		{6880D1FC-EFD3-407C-952B-B4649743CC39}.Debug|Any CPU.ActiveCfg = Debug|Any CPU
		{6880D1FC-EFD3-407C-952B-B4649743CC39}.Debug|Any CPU.Build.0 = Debug|Any CPU
		{6880D1FC-EFD3-407C-952B-B4649743CC39}.Release|Any CPU.ActiveCfg = Release|Any CPU
		{6880D1FC-EFD3-407C-952B-B4649743CC39}.Release|Any CPU.Build.0 = Release|Any CPU
		{C7D7775E-6374-4316-809C-8846B6F8EC42}.Debug|Any CPU.ActiveCfg = Debug|Any CPU
		{C7D7775E-6374-4316-809C-8846B6F8EC42}.Debug|Any CPU.Build.0 = Debug|Any CPU
		{C7D7775E-6374-4316-809C-8846B6F8EC42}.Release|Any CPU.ActiveCfg = Release|Any CPU
		{C7D7775E-6374-4316-809C-8846B6F8EC42}.Release|Any CPU.Build.0 = Release|Any CPU
	EndGlobalSection
	GlobalSection(SolutionProperties) = preSolution
		HideSolutionNode = FALSE
	EndGlobalSection
	GlobalSection(ExtensibilityGlobals) = postSolution
		SolutionGuid = {7C59C942-FE81-4FCE-9B51-D5D58BA6FB14}
	EndGlobalSection
EndGlobal
