
Microsoft Visual Studio Solution File, Format Version 12.00
# Visual Studio Version 16
VisualStudioVersion = 16.0.29509.3
MinimumVisualStudioVersion = 10.0.40219.1
Project("{FAE04EC0-301F-11D3-BF4B-00C04F79EFBC}") = "6din49", "6din49.csproj", "{741BC1F3-9D3F-4EA4-8C58-B163826831DC}"
EndProject
Global
	GlobalSection(SolutionConfigurationPlatforms) = preSolution
		Debug|Any CPU = Debug|Any CPU
		Release|Any CPU = Release|Any CPU
	EndGlobalSection
	GlobalSection(ProjectConfigurationPlatforms) = postSolution
		{741BC1F3-9D3F-4EA4-8C58-B163826831DC}.Debug|Any CPU.ActiveCfg = Debug|Any CPU
		{741BC1F3-9D3F-4EA4-8C58-B163826831DC}.Debug|Any CPU.Build.0 = Debug|Any CPU
		{741BC1F3-9D3F-4EA4-8C58-B163826831DC}.Release|Any CPU.ActiveCfg = Release|Any CPU
		{741BC1F3-9D3F-4EA4-8C58-B163826831DC}.Release|Any CPU.Build.0 = Release|Any CPU
	EndGlobalSection
	GlobalSection(SolutionProperties) = preSolution
		HideSolutionNode = FALSE
	EndGlobalSection
	GlobalSection(ExtensibilityGlobals) = postSolution
		SolutionGuid = {3132B96F-1833-43E5-A89D-1B7C560C411A}
	EndGlobalSection
EndGlobal
