
Microsoft Visual Studio Solution File, Format Version 12.00
# Visual Studio Version 16
VisualStudioVersion = 16.0.29519.181
MinimumVisualStudioVersion = 10.0.40219.1
Project("{FAE04EC0-301F-11D3-BF4B-00C04F79EFBC}") = "NatINS", "NatINS.csproj", "{04EF7CFB-1BA0-4060-BFCF-39229CA8AEC0}"
EndProject
Global
	GlobalSection(SolutionConfigurationPlatforms) = preSolution
		Debug|Any CPU = Debug|Any CPU
		Release|Any CPU = Release|Any CPU
	EndGlobalSection
	GlobalSection(ProjectConfigurationPlatforms) = postSolution
		{04EF7CFB-1BA0-4060-BFCF-39229CA8AEC0}.Debug|Any CPU.ActiveCfg = Debug|Any CPU
		{04EF7CFB-1BA0-4060-BFCF-39229CA8AEC0}.Debug|Any CPU.Build.0 = Debug|Any CPU
		{04EF7CFB-1BA0-4060-BFCF-39229CA8AEC0}.Release|Any CPU.ActiveCfg = Release|Any CPU
		{04EF7CFB-1BA0-4060-BFCF-39229CA8AEC0}.Release|Any CPU.Build.0 = Release|Any CPU
	EndGlobalSection
	GlobalSection(SolutionProperties) = preSolution
		HideSolutionNode = FALSE
	EndGlobalSection
	GlobalSection(ExtensibilityGlobals) = postSolution
		SolutionGuid = {6A1E35A4-67DF-4256-84D7-D0AD46613269}
	EndGlobalSection
EndGlobal
