
Microsoft Visual Studio Solution File, Format Version 12.00
# Visual Studio 15
VisualStudioVersion = 15.0.27130.2036
MinimumVisualStudioVersion = 10.0.40219.1
Project("{9A19103F-16F7-4668-BE54-9A1E7A4F7556}") = "QuadrilateralPerimeter", "QuadrilateralPerimeter.csproj", "{02CB8979-9BA4-4230-91A1-0DAB362164AD}"
EndProject
Global
	GlobalSection(SolutionConfigurationPlatforms) = preSolution
		Debug|Any CPU = Debug|Any CPU
		Release|Any CPU = Release|Any CPU
	EndGlobalSection
	GlobalSection(ProjectConfigurationPlatforms) = postSolution
		{02CB8979-9BA4-4230-91A1-0DAB362164AD}.Debug|Any CPU.ActiveCfg = Debug|Any CPU
		{02CB8979-9BA4-4230-91A1-0DAB362164AD}.Debug|Any CPU.Build.0 = Debug|Any CPU
		{02CB8979-9BA4-4230-91A1-0DAB362164AD}.Release|Any CPU.ActiveCfg = Release|Any CPU
		{02CB8979-9BA4-4230-91A1-0DAB362164AD}.Release|Any CPU.Build.0 = Release|Any CPU
	EndGlobalSection
	GlobalSection(SolutionProperties) = preSolution
		HideSolutionNode = FALSE
	EndGlobalSection
	GlobalSection(ExtensibilityGlobals) = postSolution
		SolutionGuid = {A38BBBD4-1E88-4EB8-A543-22DB571FCB77}
	EndGlobalSection
EndGlobal
