
Microsoft Visual Studio Solution File, Format Version 12.00
# Visual Studio Version 16
VisualStudioVersion = 16.0.29519.181
MinimumVisualStudioVersion = 10.0.40219.1
Project("{9A19103F-16F7-4668-BE54-9A1E7A4F7556}") = "CorrectPassword", "CorrectPassword.csproj", "{2EDBDCBC-40A4-4903-9998-9A0DD0EC646D}"
EndProject
Project("{FAE04EC0-301F-11D3-BF4B-00C04F79EFBC}") = "CorrectPassword.tests", "..\CorrectPassword.tests\CorrectPassword.tests.csproj", "{B1DDEC27-110C-4F06-96EE-259C4257C686}"
EndProject
Global
	GlobalSection(SolutionConfigurationPlatforms) = preSolution
		Debug|Any CPU = Debug|Any CPU
		Release|Any CPU = Release|Any CPU
	EndGlobalSection
	GlobalSection(ProjectConfigurationPlatforms) = postSolution
		{2EDBDCBC-40A4-4903-9998-9A0DD0EC646D}.Debug|Any CPU.ActiveCfg = Debug|Any CPU
		{2EDBDCBC-40A4-4903-9998-9A0DD0EC646D}.Debug|Any CPU.Build.0 = Debug|Any CPU
		{2EDBDCBC-40A4-4903-9998-9A0DD0EC646D}.Release|Any CPU.ActiveCfg = Release|Any CPU
		{2EDBDCBC-40A4-4903-9998-9A0DD0EC646D}.Release|Any CPU.Build.0 = Release|Any CPU
		{B1DDEC27-110C-4F06-96EE-259C4257C686}.Debug|Any CPU.ActiveCfg = Debug|Any CPU
		{B1DDEC27-110C-4F06-96EE-259C4257C686}.Debug|Any CPU.Build.0 = Debug|Any CPU
		{B1DDEC27-110C-4F06-96EE-259C4257C686}.Release|Any CPU.ActiveCfg = Release|Any CPU
		{B1DDEC27-110C-4F06-96EE-259C4257C686}.Release|Any CPU.Build.0 = Release|Any CPU
	EndGlobalSection
	GlobalSection(SolutionProperties) = preSolution
		HideSolutionNode = FALSE
	EndGlobalSection
	GlobalSection(ExtensibilityGlobals) = postSolution
		SolutionGuid = {8BFCAC59-A9E7-4AF3-9E5E-FD777F357209}
	EndGlobalSection
EndGlobal
