
Microsoft Visual Studio Solution File, Format Version 12.00
# Visual Studio Version 16
VisualStudioVersion = 16.0.29519.181
MinimumVisualStudioVersion = 10.0.40219.1
Project("{FAE04EC0-301F-11D3-BF4B-00C04F79EFBC}") = "BinaryOperations", "BinaryOperations.csproj", "{65FAC68B-305D-402A-AF47-B64C470374C9}"
EndProject
Project("{FAE04EC0-301F-11D3-BF4B-00C04F79EFBC}") = "BinaryOperations.Tests", "..\BinaryOperations.Tests\BinaryOperations.Tests.csproj", "{C412AB03-835D-4DEE-A462-07122C6A0425}"
EndProject
Global
	GlobalSection(SolutionConfigurationPlatforms) = preSolution
		Debug|Any CPU = Debug|Any CPU
		Release|Any CPU = Release|Any CPU
	EndGlobalSection
	GlobalSection(ProjectConfigurationPlatforms) = postSolution
		{65FAC68B-305D-402A-AF47-B64C470374C9}.Debug|Any CPU.ActiveCfg = Debug|Any CPU
		{65FAC68B-305D-402A-AF47-B64C470374C9}.Debug|Any CPU.Build.0 = Debug|Any CPU
		{65FAC68B-305D-402A-AF47-B64C470374C9}.Release|Any CPU.ActiveCfg = Release|Any CPU
		{65FAC68B-305D-402A-AF47-B64C470374C9}.Release|Any CPU.Build.0 = Release|Any CPU
		{C412AB03-835D-4DEE-A462-07122C6A0425}.Debug|Any CPU.ActiveCfg = Debug|Any CPU
		{C412AB03-835D-4DEE-A462-07122C6A0425}.Debug|Any CPU.Build.0 = Debug|Any CPU
		{C412AB03-835D-4DEE-A462-07122C6A0425}.Release|Any CPU.ActiveCfg = Release|Any CPU
		{C412AB03-835D-4DEE-A462-07122C6A0425}.Release|Any CPU.Build.0 = Release|Any CPU
	EndGlobalSection
	GlobalSection(SolutionProperties) = preSolution
		HideSolutionNode = FALSE
	EndGlobalSection
	GlobalSection(ExtensibilityGlobals) = postSolution
		SolutionGuid = {742E4135-71D6-4EFE-83FE-EDE43A6C5503}
	EndGlobalSection
EndGlobal
