
Microsoft Visual Studio Solution File, Format Version 12.00
# Visual Studio Version 16
VisualStudioVersion = 16.0.29509.3
MinimumVisualStudioVersion = 10.0.40219.1
Project("{FAE04EC0-301F-11D3-BF4B-00C04F79EFBC}") = "Functii", "Functii.csproj", "{D79EA82E-D914-4C41-A796-C4C0058FAA18}"
EndProject
Global
	GlobalSection(SolutionConfigurationPlatforms) = preSolution
		Debug|Any CPU = Debug|Any CPU
		Release|Any CPU = Release|Any CPU
	EndGlobalSection
	GlobalSection(ProjectConfigurationPlatforms) = postSolution
		{D79EA82E-D914-4C41-A796-C4C0058FAA18}.Debug|Any CPU.ActiveCfg = Debug|Any CPU
		{D79EA82E-D914-4C41-A796-C4C0058FAA18}.Debug|Any CPU.Build.0 = Debug|Any CPU
		{D79EA82E-D914-4C41-A796-C4C0058FAA18}.Release|Any CPU.ActiveCfg = Release|Any CPU
		{D79EA82E-D914-4C41-A796-C4C0058FAA18}.Release|Any CPU.Build.0 = Release|Any CPU
	EndGlobalSection
	GlobalSection(SolutionProperties) = preSolution
		HideSolutionNode = FALSE
	EndGlobalSection
	GlobalSection(ExtensibilityGlobals) = postSolution
		SolutionGuid = {A6E15AE6-52D5-4F8A-85F5-B33A76ED8AC3}
	EndGlobalSection
EndGlobal
