
Microsoft Visual Studio Solution File, Format Version 12.00
# Visual Studio Version 16
VisualStudioVersion = 16.0.29509.3
MinimumVisualStudioVersion = 10.0.40219.1
Project("{FAE04EC0-301F-11D3-BF4B-00C04F79EFBC}") = "testnote", "testnote.csproj", "{2B0699BC-2F8F-4606-9055-7B63047C03FB}"
EndProject
Global
	GlobalSection(SolutionConfigurationPlatforms) = preSolution
		Debug|Any CPU = Debug|Any CPU
		Release|Any CPU = Release|Any CPU
	EndGlobalSection
	GlobalSection(ProjectConfigurationPlatforms) = postSolution
		{2B0699BC-2F8F-4606-9055-7B63047C03FB}.Debug|Any CPU.ActiveCfg = Debug|Any CPU
		{2B0699BC-2F8F-4606-9055-7B63047C03FB}.Debug|Any CPU.Build.0 = Debug|Any CPU
		{2B0699BC-2F8F-4606-9055-7B63047C03FB}.Release|Any CPU.ActiveCfg = Release|Any CPU
		{2B0699BC-2F8F-4606-9055-7B63047C03FB}.Release|Any CPU.Build.0 = Release|Any CPU
	EndGlobalSection
	GlobalSection(SolutionProperties) = preSolution
		HideSolutionNode = FALSE
	EndGlobalSection
	GlobalSection(ExtensibilityGlobals) = postSolution
		SolutionGuid = {3DB705F2-066C-4F98-B5E7-92AF9F92C584}
	EndGlobalSection
EndGlobal
