
Microsoft Visual Studio Solution File, Format Version 12.00
# Visual Studio Version 16
VisualStudioVersion = 16.0.29509.3
MinimumVisualStudioVersion = 10.0.40219.1
Project("{FAE04EC0-301F-11D3-BF4B-00C04F79EFBC}") = "SplitString", "SplitString.csproj", "{5204EB09-ED86-44AD-95D0-FDCEBF3F484A}"
EndProject
Global
	GlobalSection(SolutionConfigurationPlatforms) = preSolution
		Debug|Any CPU = Debug|Any CPU
		Release|Any CPU = Release|Any CPU
	EndGlobalSection
	GlobalSection(ProjectConfigurationPlatforms) = postSolution
		{5204EB09-ED86-44AD-95D0-FDCEBF3F484A}.Debug|Any CPU.ActiveCfg = Debug|Any CPU
		{5204EB09-ED86-44AD-95D0-FDCEBF3F484A}.Debug|Any CPU.Build.0 = Debug|Any CPU
		{5204EB09-ED86-44AD-95D0-FDCEBF3F484A}.Release|Any CPU.ActiveCfg = Release|Any CPU
		{5204EB09-ED86-44AD-95D0-FDCEBF3F484A}.Release|Any CPU.Build.0 = Release|Any CPU
	EndGlobalSection
	GlobalSection(SolutionProperties) = preSolution
		HideSolutionNode = FALSE
	EndGlobalSection
	GlobalSection(ExtensibilityGlobals) = postSolution
		SolutionGuid = {FEADE695-250D-481E-BC2C-8B09C7499A8D}
	EndGlobalSection
EndGlobal
